
Microsoft Visual Studio Solution File, Format Version 12.00
# Visual Studio Version 17
VisualStudioVersion = 17.1.32319.34
MinimumVisualStudioVersion = 10.0.40219.1
Project("{9A19103F-16F7-4668-BE54-9A1E7A4F7556}") = "GFTool.Core", "GFTool.Core\GFTool.Core.csproj", "{437549E1-0E98-4543-AD15-45B1B29D977A}"
EndProject
Project("{FAE04EC0-301F-11D3-BF4B-00C04F79EFBC}") = "GFTool.CLI", "GFTool.CLI\GFTool.CLI.csproj", "{7E3CA913-029F-42D4-8F14-5D8CAD0A7E28}"
EndProject
Global
	GlobalSection(SolutionConfigurationPlatforms) = preSolution
		Debug|Any CPU = Debug|Any CPU
		Release|Any CPU = Release|Any CPU
	EndGlobalSection
	GlobalSection(ProjectConfigurationPlatforms) = postSolution
		{437549E1-0E98-4543-AD15-45B1B29D977A}.Debug|Any CPU.ActiveCfg = Debug|Any CPU
		{437549E1-0E98-4543-AD15-45B1B29D977A}.Debug|Any CPU.Build.0 = Debug|Any CPU
		{437549E1-0E98-4543-AD15-45B1B29D977A}.Release|Any CPU.ActiveCfg = Release|Any CPU
		{437549E1-0E98-4543-AD15-45B1B29D977A}.Release|Any CPU.Build.0 = Release|Any CPU
		{7E3CA913-029F-42D4-8F14-5D8CAD0A7E28}.Debug|Any CPU.ActiveCfg = Debug|Any CPU
		{7E3CA913-029F-42D4-8F14-5D8CAD0A7E28}.Debug|Any CPU.Build.0 = Debug|Any CPU
		{7E3CA913-029F-42D4-8F14-5D8CAD0A7E28}.Release|Any CPU.ActiveCfg = Release|Any CPU
		{7E3CA913-029F-42D4-8F14-5D8CAD0A7E28}.Release|Any CPU.Build.0 = Release|Any CPU
	EndGlobalSection
	GlobalSection(SolutionProperties) = preSolution
		HideSolutionNode = FALSE
	EndGlobalSection
	GlobalSection(ExtensibilityGlobals) = postSolution
		SolutionGuid = {CDA442A6-9AE4-4857-ABA3-2FC2A9E04BD9}
	EndGlobalSection
EndGlobal
